<Solution>
  <Folder Name="/LinkedIn/">
    <File Path="linkedin.md" />
  </Folder>
  <Project Path="../Collections/Collections.csproj" />
  <Project Path="../Generics/Generics.csproj" />
  <Project Path="../part-01/RefactoringLab.Part01.csproj" />
  <Project Path="../part-03/RefactoringLab.Part03.csproj" />
  <Project Path="RefactoringLab.Part02.csproj" />
</Solution>
